
Microsoft Visual Studio Solution File, Format Version 12.00
# Visual Studio Version 17
VisualStudioVersion = 17.14.36408.4 d17.14
MinimumVisualStudioVersion = 10.0.40219.1
Project("{C9674DCB-5085-4A16-B785-4C70DD1589BD}") = "FinantialDataWarehouse", "FinantialDataWarehouse\FinantialDataWarehouse.dtproj", "{F1816C18-749D-9D16-0E0D-70809B901EF2}"
EndProject
Global
	GlobalSection(SolutionConfigurationPlatforms) = preSolution
		Development|Default = Development|Default
	EndGlobalSection
	GlobalSection(ProjectConfigurationPlatforms) = postSolution
		{F1816C18-749D-9D16-0E0D-70809B901EF2}.Development|Default.ActiveCfg = Development
		{F1816C18-749D-9D16-0E0D-70809B901EF2}.Development|Default.Build.0 = Development
	EndGlobalSection
	GlobalSection(SolutionProperties) = preSolution
		HideSolutionNode = FALSE
	EndGlobalSection
	GlobalSection(ExtensibilityGlobals) = postSolution
		SolutionGuid = {66577F60-B556-4F1B-A961-F8DE30E71C9A}
	EndGlobalSection
EndGlobal
